
Microsoft Visual Studio Solution File, Format Version 12.00
# Visual Studio Version 16
VisualStudioVersion = 16.0.35229.62
MinimumVisualStudioVersion = 10.0.40219.1
Project("{8BC9CEB8-8B4A-11D0-8D11-00A0C91BC942}") = "CatastropheMobile_100", "CatastropheMobile_100.vcxproj", "{F3E3549E-B3FF-4BAF-9CD7-C9152E566152}"
EndProject
Global
	GlobalSection(SolutionConfigurationPlatforms) = preSolution
		Debug|x64 = Debug|x64
		Debug|x86 = Debug|x86
		Release|x64 = Release|x64
		Release|x86 = Release|x86
	EndGlobalSection
	GlobalSection(ProjectConfigurationPlatforms) = postSolution
		{F3E3549E-B3FF-4BAF-9CD7-C9152E566152}.Debug|x64.ActiveCfg = Debug|x64
		{F3E3549E-B3FF-4BAF-9CD7-C9152E566152}.Debug|x64.Build.0 = Debug|x64
		{F3E3549E-B3FF-4BAF-9CD7-C9152E566152}.Debug|x86.ActiveCfg = Debug|Win32
		{F3E3549E-B3FF-4BAF-9CD7-C9152E566152}.Debug|x86.Build.0 = Debug|Win32
		{F3E3549E-B3FF-4BAF-9CD7-C9152E566152}.Release|x64.ActiveCfg = Release|x64
		{F3E3549E-B3FF-4BAF-9CD7-C9152E566152}.Release|x64.Build.0 = Release|x64
		{F3E3549E-B3FF-4BAF-9CD7-C9152E566152}.Release|x86.ActiveCfg = Release|Win32
		{F3E3549E-B3FF-4BAF-9CD7-C9152E566152}.Release|x86.Build.0 = Release|Win32
	EndGlobalSection
	GlobalSection(SolutionProperties) = preSolution
		HideSolutionNode = FALSE
	EndGlobalSection
	GlobalSection(ExtensibilityGlobals) = postSolution
		SolutionGuid = {88CB9DBE-7C77-47EB-8A52-4E602BBAEEB6}
	EndGlobalSection
EndGlobal
